// !$*UTF8*$!
{
	archiveVersion = 1;
	classes = {
	};
	objectVersion = 50;
	objects = {

/* Begin PBXBuildFile section */
		118EA2A02149AA4A0077318B /* AppDelegate.swift in Sources */ = {isa = PBXBuildFile; fileRef = 118EA29F2149AA4A0077318B /* AppDelegate.swift */; };
		118EA2A22149AA4A0077318B /* ViewController.swift in Sources */ = {isa = PBXBuildFile; fileRef = 118EA2A12149AA4A0077318B /* ViewController.swift */; };
		118EA2A52149AA4A0077318B /* Main.storyboard in Resources */ = {isa = PBXBuildFile; fileRef = 118EA2A32149AA4A0077318B /* Main.storyboard */; };
		118EA2A72149AA4C0077318B /* Assets.xcassets in Resources */ = {isa = PBXBuildFile; fileRef = 118EA2A62149AA4C0077318B /* Assets.xcassets */; };
		118EA2AA2149AA4C0077318B /* LaunchScreen.storyboard in Resources */ = {isa = PBXBuildFile; fileRef = 118EA2A82149AA4C0077318B /* LaunchScreen.storyboard */; };
		118EA2B62149AB090077318B /* Memory.swift in Sources */ = {isa = PBXBuildFile; fileRef = 118EA2B52149AB090077318B /* Memory.swift */; };
		118EA2B82149B0AA0077318B /* MemoryController.swift in Sources */ = {isa = PBXBuildFile; fileRef = 118EA2B72149B0AA0077318B /* MemoryController.swift */; };
		118EA2BA2149BBCD0077318B /* OnboardingViewController.swift in Sources */ = {isa = PBXBuildFile; fileRef = 118EA2B92149BBCD0077318B /* OnboardingViewController.swift */; };
		118EA2BC2149BE5E0077318B /* MemoriesTableViewController.swift in Sources */ = {isa = PBXBuildFile; fileRef = 118EA2BB2149BE5E0077318B /* MemoriesTableViewController.swift */; };
		118EA2BE2149C3490077318B /* MemoryDetailViewController.swift in Sources */ = {isa = PBXBuildFile; fileRef = 118EA2BD2149C3490077318B /* MemoryDetailViewController.swift */; };
		118EA2C02149C41B0077318B /* LocalNotificationHelper.swift in Sources */ = {isa = PBXBuildFile; fileRef = 118EA2BF2149C41B0077318B /* LocalNotificationHelper.swift */; };
/* End PBXBuildFile section */

/* Begin PBXFileReference section */
		118EA29C2149AA4A0077318B /* Memories.app */ = {isa = PBXFileReference; explicitFileType = wrapper.application; includeInIndex = 0; path = Memories.app; sourceTree = BUILT_PRODUCTS_DIR; };
		118EA29F2149AA4A0077318B /* AppDelegate.swift */ = {isa = PBXFileReference; lastKnownFileType = sourcecode.swift; path = AppDelegate.swift; sourceTree = "<group>"; };
		118EA2A12149AA4A0077318B /* ViewController.swift */ = {isa = PBXFileReference; lastKnownFileType = sourcecode.swift; path = ViewController.swift; sourceTree = "<group>"; };
		118EA2A42149AA4A0077318B /* Base */ = {isa = PBXFileReference; lastKnownFileType = file.storyboard; name = Base; path = Base.lproj/Main.storyboard; sourceTree = "<group>"; };
		118EA2A62149AA4C0077318B /* Assets.xcassets */ = {isa = PBXFileReference; lastKnownFileType = folder.assetcatalog; path = Assets.xcassets; sourceTree = "<group>"; };
		118EA2A92149AA4C0077318B /* Base */ = {isa = PBXFileReference; lastKnownFileType = file.storyboard; name = Base; path = Base.lproj/LaunchScreen.storyboard; sourceTree = "<group>"; };
		118EA2AB2149AA4C0077318B /* Info.plist */ = {isa = PBXFileReference; lastKnownFileType = text.plist.xml; path = Info.plist; sourceTree = "<group>"; };
		118EA2B52149AB090077318B /* Memory.swift */ = {isa = PBXFileReference; lastKnownFileType = sourcecode.swift; path = Memory.swift; sourceTree = "<group>"; };
		118EA2B72149B0AA0077318B /* MemoryController.swift */ = {isa = PBXFileReference; lastKnownFileType = sourcecode.swift; path = MemoryController.swift; sourceTree = "<group>"; };
		118EA2B92149BBCD0077318B /* OnboardingViewController.swift */ = {isa = PBXFileReference; lastKnownFileType = sourcecode.swift; path = OnboardingViewController.swift; sourceTree = "<group>"; };
		118EA2BB2149BE5E0077318B /* MemoriesTableViewController.swift */ = {isa = PBXFileReference; lastKnownFileType = sourcecode.swift; path = MemoriesTableViewController.swift; sourceTree = "<group>"; };
		118EA2BD2149C3490077318B /* MemoryDetailViewController.swift */ = {isa = PBXFileReference; lastKnownFileType = sourcecode.swift; path = MemoryDetailViewController.swift; sourceTree = "<group>"; };
		118EA2BF2149C41B0077318B /* LocalNotificationHelper.swift */ = {isa = PBXFileReference; lastKnownFileType = sourcecode.swift; path = LocalNotificationHelper.swift; sourceTree = "<group>"; };
/* End PBXFileReference section */

/* Begin PBXFrameworksBuildPhase section */
		118EA2992149AA4A0077318B /* Frameworks */ = {
			isa = PBXFrameworksBuildPhase;
			buildActionMask = 2147483647;
			files = (
			);
			runOnlyForDeploymentPostprocessing = 0;
		};
/* End PBXFrameworksBuildPhase section */

/* Begin PBXGroup section */
		118EA2932149AA4A0077318B = {
			isa = PBXGroup;
			children = (
				118EA29E2149AA4A0077318B /* Memories */,
				118EA29D2149AA4A0077318B /* Products */,
			);
			sourceTree = "<group>";
		};
		118EA29D2149AA4A0077318B /* Products */ = {
			isa = PBXGroup;
			children = (
				118EA29C2149AA4A0077318B /* Memories.app */,
			);
			name = Products;
			sourceTree = "<group>";
		};
		118EA29E2149AA4A0077318B /* Memories */ = {
			isa = PBXGroup;
			children = (
				118EA2B42149AAF80077318B /* Model */,
				118EA2B32149AAEF0077318B /* View Controllers */,
				118EA2C12149C4210077318B /* Local Notification */,
				118EA2B22149AAE60077318B /* Storyboard */,
				118EA2B12149AADF0077318B /* Resources */,
			);
			path = Memories;
			sourceTree = "<group>";
		};
		118EA2B12149AADF0077318B /* Resources */ = {
			isa = PBXGroup;
			children = (
				118EA29F2149AA4A0077318B /* AppDelegate.swift */,
				118EA2A62149AA4C0077318B /* Assets.xcassets */,
				118EA2A82149AA4C0077318B /* LaunchScreen.storyboard */,
				118EA2AB2149AA4C0077318B /* Info.plist */,
			);
			path = Resources;
			sourceTree = "<group>";
		};
		118EA2B22149AAE60077318B /* Storyboard */ = {
			isa = PBXGroup;
			children = (
				118EA2A32149AA4A0077318B /* Main.storyboard */,
			);
			path = Storyboard;
			sourceTree = "<group>";
		};
		118EA2B32149AAEF0077318B /* View Controllers */ = {
			isa = PBXGroup;
			children = (
				118EA2A12149AA4A0077318B /* ViewController.swift */,
				118EA2B92149BBCD0077318B /* OnboardingViewController.swift */,
				118EA2BB2149BE5E0077318B /* MemoriesTableViewController.swift */,
				118EA2BD2149C3490077318B /* MemoryDetailViewController.swift */,
			);
			path = "View Controllers";
			sourceTree = "<group>";
		};
		118EA2B42149AAF80077318B /* Model */ = {
			isa = PBXGroup;
			children = (
				118EA2B52149AB090077318B /* Memory.swift */,
				118EA2B72149B0AA0077318B /* MemoryController.swift */,
			);
			path = Model;
			sourceTree = "<group>";
		};
		118EA2C12149C4210077318B /* Local Notification */ = {
			isa = PBXGroup;
			children = (
				118EA2BF2149C41B0077318B /* LocalNotificationHelper.swift */,
			);
			path = "Local Notification";
			sourceTree = "<group>";
		};
/* End PBXGroup section */

/* Begin PBXNativeTarget section */
		118EA29B2149AA4A0077318B /* Memories */ = {
			isa = PBXNativeTarget;
			buildConfigurationList = 118EA2AE2149AA4C0077318B /* Build configuration list for PBXNativeTarget "Memories" */;
			buildPhases = (
				118EA2982149AA4A0077318B /* Sources */,
				118EA2992149AA4A0077318B /* Frameworks */,
				118EA29A2149AA4A0077318B /* Resources */,
			);
			buildRules = (
			);
			dependencies = (
			);
			name = Memories;
			productName = Memories;
			productReference = 118EA29C2149AA4A0077318B /* Memories.app */;
			productType = "com.apple.product-type.application";
		};
/* End PBXNativeTarget section */

/* Begin PBXProject section */
		118EA2942149AA4A0077318B /* Project object */ = {
			isa = PBXProject;
			attributes = {
				LastSwiftUpdateCheck = 0940;
				LastUpgradeCheck = 0940;
				ORGANIZATIONNAME = "Jonah Bergevin";
				TargetAttributes = {
					118EA29B2149AA4A0077318B = {
						CreatedOnToolsVersion = 9.4.1;
					};
				};
			};
			buildConfigurationList = 118EA2972149AA4A0077318B /* Build configuration list for PBXProject "Memories" */;
			compatibilityVersion = "Xcode 9.3";
			developmentRegion = en;
			hasScannedForEncodings = 0;
			knownRegions = (
				en,
				Base,
			);
			mainGroup = 118EA2932149AA4A0077318B;
			productRefGroup = 118EA29D2149AA4A0077318B /* Products */;
			projectDirPath = "";
			projectRoot = "";
			targets = (
				118EA29B2149AA4A0077318B /* Memories */,
			);
		};
/* End PBXProject section */

/* Begin PBXResourcesBuildPhase section */
		118EA29A2149AA4A0077318B /* Resources */ = {
			isa = PBXResourcesBuildPhase;
			buildActionMask = 2147483647;
			files = (
				118EA2AA2149AA4C0077318B /* LaunchScreen.storyboard in Resources */,
				118EA2A72149AA4C0077318B /* Assets.xcassets in Resources */,
				118EA2A52149AA4A0077318B /* Main.storyboard in Resources */,
			);
			runOnlyForDeploymentPostprocessing = 0;
		};
/* End PBXResourcesBuildPhase section */

/* Begin PBXSourcesBuildPhase section */
		118EA2982149AA4A0077318B /* Sources */ = {
			isa = PBXSourcesBuildPhase;
			buildActionMask = 2147483647;
			files = (
				118EA2BC2149BE5E0077318B /* MemoriesTableViewController.swift in Sources */,
				118EA2B62149AB090077318B /* Memory.swift in Sources */,
				118EA2C02149C41B0077318B /* LocalNotificationHelper.swift in Sources */,
				118EA2BE2149C3490077318B /* MemoryDetailViewController.swift in Sources */,
				118EA2A22149AA4A0077318B /* ViewController.swift in Sources */,
				118EA2BA2149BBCD0077318B /* OnboardingViewController.swift in Sources */,
				118EA2B82149B0AA0077318B /* MemoryController.swift in Sources */,
				118EA2A02149AA4A0077318B /* AppDelegate.swift in Sources */,
			);
			runOnlyForDeploymentPostprocessing = 0;
		};
/* End PBXSourcesBuildPhase section */

/* Begin PBXVariantGroup section */
		118EA2A32149AA4A0077318B /* Main.storyboard */ = {
			isa = PBXVariantGroup;
			children = (
				118EA2A42149AA4A0077318B /* Base */,
			);
			name = Main.storyboard;
			sourceTree = "<group>";
		};
		118EA2A82149AA4C0077318B /* LaunchScreen.storyboard */ = {
			isa = PBXVariantGroup;
			children = (
				118EA2A92149AA4C0077318B /* Base */,
			);
			name = LaunchScreen.storyboard;
			sourceTree = "<group>";
		};
/* End PBXVariantGroup section */

/* Begin XCBuildConfiguration section */
		118EA2AC2149AA4C0077318B /* Debug */ = {
			isa = XCBuildConfiguration;
			buildSettings = {
				ALWAYS_SEARCH_USER_PATHS = NO;
				CLANG_ANALYZER_NONNULL = YES;
				CLANG_ANALYZER_NUMBER_OBJECT_CONVERSION = YES_AGGRESSIVE;
				CLANG_CXX_LANGUAGE_STANDARD = "gnu++14";
				CLANG_CXX_LIBRARY = "libc++";
				CLANG_ENABLE_MODULES = YES;
				CLANG_ENABLE_OBJC_ARC = YES;
				CLANG_ENABLE_OBJC_WEAK = YES;
				CLANG_WARN_BLOCK_CAPTURE_AUTORELEASING = YES;
				CLANG_WARN_BOOL_CONVERSION = YES;
				CLANG_WARN_COMMA = YES;
				CLANG_WARN_CONSTANT_CONVERSION = YES;
				CLANG_WARN_DEPRECATED_OBJC_IMPLEMENTATIONS = YES;
				CLANG_WARN_DIRECT_OBJC_ISA_USAGE = YES_ERROR;
				CLANG_WARN_DOCUMENTATION_COMMENTS = YES;
				CLANG_WARN_EMPTY_BODY = YES;
				CLANG_WARN_ENUM_CONVERSION = YES;
				CLANG_WARN_INFINITE_RECURSION = YES;
				CLANG_WARN_INT_CONVERSION = YES;
				CLANG_WARN_NON_LITERAL_NULL_CONVERSION = YES;
				CLANG_WARN_OBJC_IMPLICIT_RETAIN_SELF = YES;
				CLANG_WARN_OBJC_LITERAL_CONVERSION = YES;
				CLANG_WARN_OBJC_ROOT_CLASS = YES_ERROR;
				CLANG_WARN_RANGE_LOOP_ANALYSIS = YES;
				CLANG_WARN_STRICT_PROTOTYPES = YES;
				CLANG_WARN_SUSPICIOUS_MOVE = YES;
				CLANG_WARN_UNGUARDED_AVAILABILITY = YES_AGGRESSIVE;
				CLANG_WARN_UNREACHABLE_CODE = YES;
				CLANG_WARN__DUPLICATE_METHOD_MATCH = YES;
				CODE_SIGN_IDENTITY = "iPhone Developer";
				COPY_PHASE_STRIP = NO;
				DEBUG_INFORMATION_FORMAT = dwarf;
				ENABLE_STRICT_OBJC_MSGSEND = YES;
				ENABLE_TESTABILITY = YES;
				GCC_C_LANGUAGE_STANDARD = gnu11;
				GCC_DYNAMIC_NO_PIC = NO;
				GCC_NO_COMMON_BLOCKS = YES;
				GCC_OPTIMIZATION_LEVEL = 0;
				GCC_PREPROCESSOR_DEFINITIONS = (
					"DEBUG=1",
					"$(inherited)",
				);
				GCC_WARN_64_TO_32_BIT_CONVERSION = YES;
				GCC_WARN_ABOUT_RETURN_TYPE = YES_ERROR;
				GCC_WARN_UNDECLARED_SELECTOR = YES;
				GCC_WARN_UNINITIALIZED_AUTOS = YES_AGGRESSIVE;
				GCC_WARN_UNUSED_FUNCTION = YES;
				GCC_WARN_UNUSED_VARIABLE = YES;
				IPHONEOS_DEPLOYMENT_TARGET = 11.4;
				MTL_ENABLE_DEBUG_INFO = YES;
				ONLY_ACTIVE_ARCH = YES;
				SDKROOT = iphoneos;
				SWIFT_ACTIVE_COMPILATION_CONDITIONS = DEBUG;
				SWIFT_OPTIMIZATION_LEVEL = "-Onone";
			};
			name = Debug;
		};
		118EA2AD2149AA4C0077318B /* Release */ = {
			isa = XCBuildConfiguration;
			buildSettings = {
				ALWAYS_SEARCH_USER_PATHS = NO;
				CLANG_ANALYZER_NONNULL = YES;
				CLANG_ANALYZER_NUMBER_OBJECT_CONVERSION = YES_AGGRESSIVE;
				CLANG_CXX_LANGUAGE_STANDARD = "gnu++14";
				CLANG_CXX_LIBRARY = "libc++";
				CLANG_ENABLE_MODULES = YES;
				CLANG_ENABLE_OBJC_ARC = YES;
				CLANG_ENABLE_OBJC_WEAK = YES;
				CLANG_WARN_BLOCK_CAPTURE_AUTORELEASING = YES;
				CLANG_WARN_BOOL_CONVERSION = YES;
				CLANG_WARN_COMMA = YES;
				CLANG_WARN_CONSTANT_CONVERSION = YES;
				CLANG_WARN_DEPRECATED_OBJC_IMPLEMENTATIONS = YES;
				CLANG_WARN_DIRECT_OBJC_ISA_USAGE = YES_ERROR;
				CLANG_WARN_DOCUMENTATION_COMMENTS = YES;
				CLANG_WARN_EMPTY_BODY = YES;
				CLANG_WARN_ENUM_CONVERSION = YES;
				CLANG_WARN_INFINITE_RECURSION = YES;
				CLANG_WARN_INT_CONVERSION = YES;
				CLANG_WARN_NON_LITERAL_NULL_CONVERSION = YES;
				CLANG_WARN_OBJC_IMPLICIT_RETAIN_SELF = YES;
				CLANG_WARN_OBJC_LITERAL_CONVERSION = YES;
				CLANG_WARN_OBJC_ROOT_CLASS = YES_ERROR;
				CLANG_WARN_RANGE_LOOP_ANALYSIS = YES;
				CLANG_WARN_STRICT_PROTOTYPES = YES;
				CLANG_WARN_SUSPICIOUS_MOVE = YES;
				CLANG_WARN_UNGUARDED_AVAILABILITY = YES_AGGRESSIVE;
				CLANG_WARN_UNREACHABLE_CODE = YES;
				CLANG_WARN__DUPLICATE_METHOD_MATCH = YES;
				CODE_SIGN_IDENTITY = "iPhone Developer";
				COPY_PHASE_STRIP = NO;
				DEBUG_INFORMATION_FORMAT = "dwarf-with-dsym";
				ENABLE_NS_ASSERTIONS = NO;
				ENABLE_STRICT_OBJC_MSGSEND = YES;
				GCC_C_LANGUAGE_STANDARD = gnu11;
				GCC_NO_COMMON_BLOCKS = YES;
				GCC_WARN_64_TO_32_BIT_CONVERSION = YES;
				GCC_WARN_ABOUT_RETURN_TYPE = YES_ERROR;
				GCC_WARN_UNDECLARED_SELECTOR = YES;
				GCC_WARN_UNINITIALIZED_AUTOS = YES_AGGRESSIVE;
				GCC_WARN_UNUSED_FUNCTION = YES;
				GCC_WARN_UNUSED_VARIABLE = YES;
				IPHONEOS_DEPLOYMENT_TARGET = 11.4;
				MTL_ENABLE_DEBUG_INFO = NO;
				SDKROOT = iphoneos;
				SWIFT_COMPILATION_MODE = wholemodule;
				SWIFT_OPTIMIZATION_LEVEL = "-O";
				VALIDATE_PRODUCT = YES;
			};
			name = Release;
		};
		118EA2AF2149AA4C0077318B /* Debug */ = {
			isa = XCBuildConfiguration;
			buildSettings = {
				ASSETCATALOG_COMPILER_APPICON_NAME = AppIcon;
				CODE_SIGN_STYLE = Automatic;
				INFOPLIST_FILE = "$(SRCROOT)/Memories/Resources/Info.plist";
				LD_RUNPATH_SEARCH_PATHS = (
					"$(inherited)",
					"@executable_path/Frameworks",
				);
				PRODUCT_BUNDLE_IDENTIFIER = com.jdb.Memories;
				PRODUCT_NAME = "$(TARGET_NAME)";
				SWIFT_VERSION = 4.0;
				TARGETED_DEVICE_FAMILY = "1,2";
			};
			name = Debug;
		};
		118EA2B02149AA4C0077318B /* Release */ = {
			isa = XCBuildConfiguration;
			buildSettings = {
				ASSETCATALOG_COMPILER_APPICON_NAME = AppIcon;
				CODE_SIGN_STYLE = Automatic;
				INFOPLIST_FILE = "$(SRCROOT)/Memories/Resources/Info.plist";
				LD_RUNPATH_SEARCH_PATHS = (
					"$(inherited)",
					"@executable_path/Frameworks",
				);
				PRODUCT_BUNDLE_IDENTIFIER = com.jdb.Memories;
				PRODUCT_NAME = "$(TARGET_NAME)";
				SWIFT_VERSION = 4.0;
				TARGETED_DEVICE_FAMILY = "1,2";
			};
			name = Release;
		};
/* End XCBuildConfiguration section */

/* Begin XCConfigurationList section */
		118EA2972149AA4A0077318B /* Build configuration list for PBXProject "Memories" */ = {
			isa = XCConfigurationList;
			buildConfigurations = (
				118EA2AC2149AA4C0077318B /* Debug */,
				118EA2AD2149AA4C0077318B /* Release */,
			);
			defaultConfigurationIsVisible = 0;
			defaultConfigurationName = Release;
		};
		118EA2AE2149AA4C0077318B /* Build configuration list for PBXNativeTarget "Memories" */ = {
			isa = XCConfigurationList;
			buildConfigurations = (
				118EA2AF2149AA4C0077318B /* Debug */,
				118EA2B02149AA4C0077318B /* Release */,
			);
			defaultConfigurationIsVisible = 0;
			defaultConfigurationName = Release;
		};
/* End XCConfigurationList section */
	};
	rootObject = 118EA2942149AA4A0077318B /* Project object */;
}
